
Microsoft Visual Studio Solution File, Format Version 12.00
# Visual Studio 15
VisualStudioVersion = 15.0.26124.0
MinimumVisualStudioVersion = 15.0.26124.0
Project("{FAE04EC0-301F-11D3-BF4B-00C04F79EFBC}") = "Palindromo", "Palindromo\Palindromo.csproj", "{CEE304AC-1E91-488D-B22A-A3E0D307A41E}"
EndProject
Project("{FAE04EC0-301F-11D3-BF4B-00C04F79EFBC}") = "PalindromoTests", "PalindromoTests\PalindromoTests.csproj", "{0EE3E631-AFB2-431C-9F52-AE72BDD6696D}"
EndProject
Global
	GlobalSection(SolutionConfigurationPlatforms) = preSolution
		Debug|Any CPU = Debug|Any CPU
		Debug|x64 = Debug|x64
		Debug|x86 = Debug|x86
		Release|Any CPU = Release|Any CPU
		Release|x64 = Release|x64
		Release|x86 = Release|x86
	EndGlobalSection
	GlobalSection(SolutionProperties) = preSolution
		HideSolutionNode = FALSE
	EndGlobalSection
	GlobalSection(ProjectConfigurationPlatforms) = postSolution
		{CEE304AC-1E91-488D-B22A-A3E0D307A41E}.Debug|Any CPU.ActiveCfg = Debug|Any CPU
		{CEE304AC-1E91-488D-B22A-A3E0D307A41E}.Debug|Any CPU.Build.0 = Debug|Any CPU
		{CEE304AC-1E91-488D-B22A-A3E0D307A41E}.Debug|x64.ActiveCfg = Debug|Any CPU
		{CEE304AC-1E91-488D-B22A-A3E0D307A41E}.Debug|x64.Build.0 = Debug|Any CPU
		{CEE304AC-1E91-488D-B22A-A3E0D307A41E}.Debug|x86.ActiveCfg = Debug|Any CPU
		{CEE304AC-1E91-488D-B22A-A3E0D307A41E}.Debug|x86.Build.0 = Debug|Any CPU
		{CEE304AC-1E91-488D-B22A-A3E0D307A41E}.Release|Any CPU.ActiveCfg = Release|Any CPU
		{CEE304AC-1E91-488D-B22A-A3E0D307A41E}.Release|Any CPU.Build.0 = Release|Any CPU
		{CEE304AC-1E91-488D-B22A-A3E0D307A41E}.Release|x64.ActiveCfg = Release|Any CPU
		{CEE304AC-1E91-488D-B22A-A3E0D307A41E}.Release|x64.Build.0 = Release|Any CPU
		{CEE304AC-1E91-488D-B22A-A3E0D307A41E}.Release|x86.ActiveCfg = Release|Any CPU
		{CEE304AC-1E91-488D-B22A-A3E0D307A41E}.Release|x86.Build.0 = Release|Any CPU
		{0EE3E631-AFB2-431C-9F52-AE72BDD6696D}.Debug|Any CPU.ActiveCfg = Debug|Any CPU
		{0EE3E631-AFB2-431C-9F52-AE72BDD6696D}.Debug|Any CPU.Build.0 = Debug|Any CPU
		{0EE3E631-AFB2-431C-9F52-AE72BDD6696D}.Debug|x64.ActiveCfg = Debug|Any CPU
		{0EE3E631-AFB2-431C-9F52-AE72BDD6696D}.Debug|x64.Build.0 = Debug|Any CPU
		{0EE3E631-AFB2-431C-9F52-AE72BDD6696D}.Debug|x86.ActiveCfg = Debug|Any CPU
		{0EE3E631-AFB2-431C-9F52-AE72BDD6696D}.Debug|x86.Build.0 = Debug|Any CPU
		{0EE3E631-AFB2-431C-9F52-AE72BDD6696D}.Release|Any CPU.ActiveCfg = Release|Any CPU
		{0EE3E631-AFB2-431C-9F52-AE72BDD6696D}.Release|Any CPU.Build.0 = Release|Any CPU
		{0EE3E631-AFB2-431C-9F52-AE72BDD6696D}.Release|x64.ActiveCfg = Release|Any CPU
		{0EE3E631-AFB2-431C-9F52-AE72BDD6696D}.Release|x64.Build.0 = Release|Any CPU
		{0EE3E631-AFB2-431C-9F52-AE72BDD6696D}.Release|x86.ActiveCfg = Release|Any CPU
		{0EE3E631-AFB2-431C-9F52-AE72BDD6696D}.Release|x86.Build.0 = Release|Any CPU
	EndGlobalSection
EndGlobal
